
Microsoft Visual Studio Solution File, Format Version 12.00
# Visual Studio Version 16
VisualStudioVersion = 16.0.31702.278
MinimumVisualStudioVersion = 10.0.40219.1
Project("{9A19103F-16F7-4668-BE54-9A1E7A4F7556}") = "curriculum", "Curriculum\curriculum.csproj", "{4DB88583-0B74-471B-856D-CCF960371C73}"
EndProject
Global
	GlobalSection(SolutionConfigurationPlatforms) = preSolution
		Debug|Any CPU = Debug|Any CPU
		Release|Any CPU = Release|Any CPU
	EndGlobalSection
	GlobalSection(ProjectConfigurationPlatforms) = postSolution
		{4DB88583-0B74-471B-856D-CCF960371C73}.Debug|Any CPU.ActiveCfg = Debug|Any CPU
		{4DB88583-0B74-471B-856D-CCF960371C73}.Debug|Any CPU.Build.0 = Debug|Any CPU
		{4DB88583-0B74-471B-856D-CCF960371C73}.Release|Any CPU.ActiveCfg = Release|Any CPU
		{4DB88583-0B74-471B-856D-CCF960371C73}.Release|Any CPU.Build.0 = Release|Any CPU
	EndGlobalSection
	GlobalSection(SolutionProperties) = preSolution
		HideSolutionNode = FALSE
	EndGlobalSection
	GlobalSection(ExtensibilityGlobals) = postSolution
		SolutionGuid = {5B479CE9-B85A-422C-99AC-9EF6844B5A17}
	EndGlobalSection
EndGlobal
